// !$*UTF8*$!
{
	archiveVersion = 1;
	classes = {
	};
	objectVersion = 46;
	objects = {

/* Begin PBXBuildFile section */
		D6D180DE1EAE0ECA00A9C2A7 /* SideLoader.h in Headers */ = {isa = PBXBuildFile; fileRef = D6D180DD1EAE0ECA00A9C2A7 /* SideLoader.h */; };
		D6D180E01EAE0ECA00A9C2A7 /* SideLoader.m in Sources */ = {isa = PBXBuildFile; fileRef = D6D180DF1EAE0ECA00A9C2A7 /* SideLoader.m */; };
/* End PBXBuildFile section */

/* Begin PBXFileReference section */
		D6D180DA1EAE0ECA00A9C2A7 /* libSideLoader.dylib */ = {isa = PBXFileReference; explicitFileType = "compiled.mach-o.dylib"; includeInIndex = 0; path = libSideLoader.dylib; sourceTree = BUILT_PRODUCTS_DIR; };
		D6D180DD1EAE0ECA00A9C2A7 /* SideLoader.h */ = {isa = PBXFileReference; lastKnownFileType = sourcecode.c.h; path = SideLoader.h; sourceTree = "<group>"; };
		D6D180DF1EAE0ECA00A9C2A7 /* SideLoader.m */ = {isa = PBXFileReference; lastKnownFileType = sourcecode.c.objc; path = SideLoader.m; sourceTree = "<group>"; };
/* End PBXFileReference section */

/* Begin PBXFrameworksBuildPhase section */
		D6D180D71EAE0ECA00A9C2A7 /* Frameworks */ = {
			isa = PBXFrameworksBuildPhase;
			buildActionMask = 2147483647;
			files = (
			);
			runOnlyForDeploymentPostprocessing = 0;
		};
/* End PBXFrameworksBuildPhase section */

/* Begin PBXGroup section */
		D6D180D11EAE0ECA00A9C2A7 = {
			isa = PBXGroup;
			children = (
				D6D180DC1EAE0ECA00A9C2A7 /* SideLoader */,
				D6D180DB1EAE0ECA00A9C2A7 /* Products */,
			);
			sourceTree = "<group>";
		};
		D6D180DB1EAE0ECA00A9C2A7 /* Products */ = {
			isa = PBXGroup;
			children = (
				D6D180DA1EAE0ECA00A9C2A7 /* libSideLoader.dylib */,
			);
			name = Products;
			sourceTree = "<group>";
		};
		D6D180DC1EAE0ECA00A9C2A7 /* SideLoader */ = {
			isa = PBXGroup;
			children = (
				D6D180DD1EAE0ECA00A9C2A7 /* SideLoader.h */,
				D6D180DF1EAE0ECA00A9C2A7 /* SideLoader.m */,
			);
			path = SideLoader;
			sourceTree = "<group>";
		};
/* End PBXGroup section */

/* Begin PBXHeadersBuildPhase section */
		D6D180D81EAE0ECA00A9C2A7 /* Headers */ = {
			isa = PBXHeadersBuildPhase;
			buildActionMask = 2147483647;
			files = (
				D6D180DE1EAE0ECA00A9C2A7 /* SideLoader.h in Headers */,
			);
			runOnlyForDeploymentPostprocessing = 0;
		};
/* End PBXHeadersBuildPhase section */

/* Begin PBXNativeTarget section */
		D6D180D91EAE0ECA00A9C2A7 /* SideLoader */ = {
			isa = PBXNativeTarget;
			buildConfigurationList = D6D180E31EAE0ECA00A9C2A7 /* Build configuration list for PBXNativeTarget "SideLoader" */;
			buildPhases = (
				D6D180D61EAE0ECA00A9C2A7 /* Sources */,
				D6D180D71EAE0ECA00A9C2A7 /* Frameworks */,
				D6D180D81EAE0ECA00A9C2A7 /* Headers */,
			);
			buildRules = (
			);
			dependencies = (
			);
			name = SideLoader;
			productName = SideLoader;
			productReference = D6D180DA1EAE0ECA00A9C2A7 /* libSideLoader.dylib */;
			productType = "com.apple.product-type.library.dynamic";
		};
/* End PBXNativeTarget section */

/* Begin PBXProject section */
		D6D180D21EAE0ECA00A9C2A7 /* Project object */ = {
			isa = PBXProject;
			attributes = {
				LastUpgradeCheck = 0820;
				ORGANIZATIONNAME = Tripomatic;
				TargetAttributes = {
					D6D180D91EAE0ECA00A9C2A7 = {
						CreatedOnToolsVersion = 8.2.1;
						ProvisioningStyle = Automatic;
					};
				};
			};
			buildConfigurationList = D6D180D51EAE0ECA00A9C2A7 /* Build configuration list for PBXProject "SideLoader" */;
			compatibilityVersion = "Xcode 3.2";
			developmentRegion = English;
			hasScannedForEncodings = 0;
			knownRegions = (
				en,
			);
			mainGroup = D6D180D11EAE0ECA00A9C2A7;
			productRefGroup = D6D180DB1EAE0ECA00A9C2A7 /* Products */;
			projectDirPath = "";
			projectRoot = "";
			targets = (
				D6D180D91EAE0ECA00A9C2A7 /* SideLoader */,
			);
		};
/* End PBXProject section */

/* Begin PBXSourcesBuildPhase section */
		D6D180D61EAE0ECA00A9C2A7 /* Sources */ = {
			isa = PBXSourcesBuildPhase;
			buildActionMask = 2147483647;
			files = (
				D6D180E01EAE0ECA00A9C2A7 /* SideLoader.m in Sources */,
			);
			runOnlyForDeploymentPostprocessing = 0;
		};
/* End PBXSourcesBuildPhase section */

/* Begin XCBuildConfiguration section */
		D6D180E11EAE0ECA00A9C2A7 /* Debug */ = {
			isa = XCBuildConfiguration;
			buildSettings = {
				ALWAYS_SEARCH_USER_PATHS = NO;
				CLANG_ANALYZER_NONNULL = YES;
				CLANG_CXX_LANGUAGE_STANDARD = "gnu++0x";
				CLANG_CXX_LIBRARY = "libc++";
				CLANG_ENABLE_MODULES = YES;
				CLANG_ENABLE_OBJC_ARC = YES;
				CLANG_WARN_BOOL_CONVERSION = YES;
				CLANG_WARN_CONSTANT_CONVERSION = YES;
				CLANG_WARN_DIRECT_OBJC_ISA_USAGE = YES_ERROR;
				CLANG_WARN_DOCUMENTATION_COMMENTS = YES;
				CLANG_WARN_EMPTY_BODY = YES;
				CLANG_WARN_ENUM_CONVERSION = YES;
				CLANG_WARN_INFINITE_RECURSION = YES;
				CLANG_WARN_INT_CONVERSION = YES;
				CLANG_WARN_OBJC_ROOT_CLASS = YES_ERROR;
				CLANG_WARN_SUSPICIOUS_MOVE = YES;
				CLANG_WARN_UNREACHABLE_CODE = YES;
				CLANG_WARN__DUPLICATE_METHOD_MATCH = YES;
				CODE_SIGN_IDENTITY = "-";
				COPY_PHASE_STRIP = NO;
				DEBUG_INFORMATION_FORMAT = dwarf;
				ENABLE_STRICT_OBJC_MSGSEND = YES;
				ENABLE_TESTABILITY = YES;
				GCC_C_LANGUAGE_STANDARD = gnu99;
				GCC_DYNAMIC_NO_PIC = NO;
				GCC_NO_COMMON_BLOCKS = YES;
				GCC_OPTIMIZATION_LEVEL = 0;
				GCC_PREPROCESSOR_DEFINITIONS = (
					"DEBUG=1",
					"$(inherited)",
				);
				GCC_WARN_64_TO_32_BIT_CONVERSION = YES;
				GCC_WARN_ABOUT_RETURN_TYPE = YES_ERROR;
				GCC_WARN_UNDECLARED_SELECTOR = YES;
				GCC_WARN_UNINITIALIZED_AUTOS = YES_AGGRESSIVE;
				GCC_WARN_UNUSED_FUNCTION = YES;
				GCC_WARN_UNUSED_VARIABLE = YES;
				MACOSX_DEPLOYMENT_TARGET = 10.11;
				MTL_ENABLE_DEBUG_INFO = YES;
				ONLY_ACTIVE_ARCH = YES;
				SDKROOT = macosx;
			};
			name = Debug;
		};
		D6D180E21EAE0ECA00A9C2A7 /* Release */ = {
			isa = XCBuildConfiguration;
			buildSettings = {
				ALWAYS_SEARCH_USER_PATHS = NO;
				CLANG_ANALYZER_NONNULL = YES;
				CLANG_CXX_LANGUAGE_STANDARD = "gnu++0x";
				CLANG_CXX_LIBRARY = "libc++";
				CLANG_ENABLE_MODULES = YES;
				CLANG_ENABLE_OBJC_ARC = YES;
				CLANG_WARN_BOOL_CONVERSION = YES;
				CLANG_WARN_CONSTANT_CONVERSION = YES;
				CLANG_WARN_DIRECT_OBJC_ISA_USAGE = YES_ERROR;
				CLANG_WARN_DOCUMENTATION_COMMENTS = YES;
				CLANG_WARN_EMPTY_BODY = YES;
				CLANG_WARN_ENUM_CONVERSION = YES;
				CLANG_WARN_INFINITE_RECURSION = YES;
				CLANG_WARN_INT_CONVERSION = YES;
				CLANG_WARN_OBJC_ROOT_CLASS = YES_ERROR;
				CLANG_WARN_SUSPICIOUS_MOVE = YES;
				CLANG_WARN_UNREACHABLE_CODE = YES;
				CLANG_WARN__DUPLICATE_METHOD_MATCH = YES;
				CODE_SIGN_IDENTITY = "-";
				COPY_PHASE_STRIP = NO;
				DEBUG_INFORMATION_FORMAT = "dwarf-with-dsym";
				ENABLE_NS_ASSERTIONS = NO;
				ENABLE_STRICT_OBJC_MSGSEND = YES;
				GCC_C_LANGUAGE_STANDARD = gnu99;
				GCC_NO_COMMON_BLOCKS = YES;
				GCC_WARN_64_TO_32_BIT_CONVERSION = YES;
				GCC_WARN_ABOUT_RETURN_TYPE = YES_ERROR;
				GCC_WARN_UNDECLARED_SELECTOR = YES;
				GCC_WARN_UNINITIALIZED_AUTOS = YES_AGGRESSIVE;
				GCC_WARN_UNUSED_FUNCTION = YES;
				GCC_WARN_UNUSED_VARIABLE = YES;
				MACOSX_DEPLOYMENT_TARGET = 10.11;
				MTL_ENABLE_DEBUG_INFO = NO;
				SDKROOT = macosx;
			};
			name = Release;
		};
		D6D180E41EAE0ECA00A9C2A7 /* Debug */ = {
			isa = XCBuildConfiguration;
			buildSettings = {
				DYLIB_COMPATIBILITY_VERSION = 1;
				DYLIB_CURRENT_VERSION = 1;
				EXECUTABLE_PREFIX = lib;
				PRODUCT_NAME = "$(TARGET_NAME)";
			};
			name = Debug;
		};
		D6D180E51EAE0ECA00A9C2A7 /* Release */ = {
			isa = XCBuildConfiguration;
			buildSettings = {
				DYLIB_COMPATIBILITY_VERSION = 1;
				DYLIB_CURRENT_VERSION = 1;
				EXECUTABLE_PREFIX = lib;
				PRODUCT_NAME = "$(TARGET_NAME)";
			};
			name = Release;
		};
/* End XCBuildConfiguration section */

/* Begin XCConfigurationList section */
		D6D180D51EAE0ECA00A9C2A7 /* Build configuration list for PBXProject "SideLoader" */ = {
			isa = XCConfigurationList;
			buildConfigurations = (
				D6D180E11EAE0ECA00A9C2A7 /* Debug */,
				D6D180E21EAE0ECA00A9C2A7 /* Release */,
			);
			defaultConfigurationIsVisible = 0;
			defaultConfigurationName = Release;
		};
		D6D180E31EAE0ECA00A9C2A7 /* Build configuration list for PBXNativeTarget "SideLoader" */ = {
			isa = XCConfigurationList;
			buildConfigurations = (
				D6D180E41EAE0ECA00A9C2A7 /* Debug */,
				D6D180E51EAE0ECA00A9C2A7 /* Release */,
			);
			defaultConfigurationIsVisible = 0;
		};
/* End XCConfigurationList section */
	};
	rootObject = D6D180D21EAE0ECA00A9C2A7 /* Project object */;
}
